
Microsoft Visual Studio Solution File, Format Version 12.00
# Visual Studio Version 17
VisualStudioVersion = 17.7.34024.191
MinimumVisualStudioVersion = 10.0.40219.1
Project("{FAE04EC0-301F-11D3-BF4B-00C04F79EFBC}") = "FundooNotesProgram", "FundooNotesProgram.csproj", "{EA12CCE4-ADBC-46FB-B26A-550DC6509A16}"
EndProject
Global
	GlobalSection(SolutionConfigurationPlatforms) = preSolution
		Debug|Any CPU = Debug|Any CPU
		Release|Any CPU = Release|Any CPU
	EndGlobalSection
	GlobalSection(ProjectConfigurationPlatforms) = postSolution
		{EA12CCE4-ADBC-46FB-B26A-550DC6509A16}.Debug|Any CPU.ActiveCfg = Debug|Any CPU
		{EA12CCE4-ADBC-46FB-B26A-550DC6509A16}.Debug|Any CPU.Build.0 = Debug|Any CPU
		{EA12CCE4-ADBC-46FB-B26A-550DC6509A16}.Release|Any CPU.ActiveCfg = Release|Any CPU
		{EA12CCE4-ADBC-46FB-B26A-550DC6509A16}.Release|Any CPU.Build.0 = Release|Any CPU
	EndGlobalSection
	GlobalSection(SolutionProperties) = preSolution
		HideSolutionNode = FALSE
	EndGlobalSection
	GlobalSection(ExtensibilityGlobals) = postSolution
		SolutionGuid = {9C32D5E3-3D67-432B-AB0F-6CBD085322A7}
	EndGlobalSection
EndGlobal
